{
  "name": "11.1",
  "lockfileVersion": 3,
  "requires": true,
  "packages": {
    "": {
      "dependencies": {
        "create-cloudflare": "^2.15.0"
      }
    },
    "node_modules/create-cloudflare": {
      "version": "2.15.0",
      "resolved": "https://registry.npmjs.org/create-cloudflare/-/create-cloudflare-2.15.0.tgz",
      "integrity": "sha512-nNlE7paP449hWBCEfX+WijEESm5pXzhAZsEShFJR0w2iiZeB7NdHJs6jNB9aLWa2X5ZfUaZADFVOboQKvbrbMg==",
      "bin": {
        "create-cloudflare": "dist/cli.js"
      },
      "engines": {
        "node": ">=18.14.1"
      }
    }
  }
}
